<?xml version="1.0" encoding="UTF-8" standalone="yes" ?>
<CodeBlocks_project_file>
	<FileVersion major="1" minor="6" />
	<Project>
		<Option title="libjcmp_1.0" />
		<Option pch_mode="2" />
		<Option compiler="gcc" />
		<Build>
			<Target title="Debug">
				<Option output="../../../../../lib/libjcmp_1.0_d.a" prefix_auto="0" extension_auto="0" />
				<Option working_dir="" />
				<Option object_output="../../../../../obj/libjmsg_1.0_d/" />
				<Option external_deps="../../../../../lib/libjmsg_1.0_d.a;../../../../../../../../cxutils/trunk/1.0/lib/libcxutils_1.0_d.a;" />
				<Option type="2" />
				<Option compiler="gcc" />
				<Option createDefFile="1" />
				<Compiler>
					<Add option="-Wall" />
					<Add option="-g" />
				</Compiler>
			</Target>
			<Target title="Release">
				<Option output="../../../../../lib/libjcmp_1.0.a" prefix_auto="0" extension_auto="0" />
				<Option working_dir="" />
				<Option object_output="../../../../../obj/libjmsg_1.0/" />
				<Option external_deps="../../../../../lib/libjmsg_1.0.a;../../../../../../../../cxutils/trunk/1.0/lib/libcxutils_1.0.a;" />
				<Option type="2" />
				<Option compiler="gcc" />
				<Option createDefFile="1" />
				<Compiler>
					<Add option="-O2" />
					<Add option="-Wall" />
				</Compiler>
				<Linker>
					<Add option="-s" />
				</Linker>
			</Target>
		</Build>
		<Compiler>
			<Add option="-Wall" />
			<Add directory="../../../../../ext/include/tinyxml" />
			<Add directory="../../../../../include" />
			<Add directory="../../../../../../../../cxutils/trunk/1.0/include" />
		</Compiler>
		<Unit filename="../../../../../include/jaus/components/callback.h" />
		<Unit filename="../../../../../include/jaus/components/cmplib.h" />
		<Unit filename="../../../../../include/jaus/components/cmplibdll.h" />
		<Unit filename="../../../../../include/jaus/components/commandcomponent.h" />
		<Unit filename="../../../../../include/jaus/components/component.h" />
		<Unit filename="../../../../../include/jaus/components/connectionhandler.h" />
		<Unit filename="../../../../../include/jaus/components/eventmanager.h" />
		<Unit filename="../../../../../include/jaus/components/informcomponent.h" />
		<Unit filename="../../../../../include/jaus/components/messagecallback.h" />
		<Unit filename="../../../../../include/jaus/components/messagehandler.h" />
		<Unit filename="../../../../../include/jaus/components/node/communicator.h" />
		<Unit filename="../../../../../include/jaus/components/node/nodeconnection.h" />
		<Unit filename="../../../../../include/jaus/components/node/nodeconnectionhandler.h" />
		<Unit filename="../../../../../include/jaus/components/node/nodelogger.h" />
		<Unit filename="../../../../../include/jaus/components/node/nodemanager.h" />
		<Unit filename="../../../../../include/jaus/components/node/serviceconnectionmanager.h" />
		<Unit filename="../../../../../include/jaus/components/receipt.h" />
		<Unit filename="../../../../../include/jaus/components/serviceconnection.h" />
		<Unit filename="../../../../../include/jaus/components/streamcallback.h" />
		<Unit filename="../../../../../include/jaus/components/subscribercomponent.h" />
		<Unit filename="../../../../../include/jaus/components/transport/jserial.h" />
		<Unit filename="../../../../../include/jaus/components/transport/jsharedmemory.h" />
		<Unit filename="../../../../../include/jaus/components/transport/jtcpclient.h" />
		<Unit filename="../../../../../include/jaus/components/transport/jtcpserver.h" />
		<Unit filename="../../../../../include/jaus/components/transport/judpclient.h" />
		<Unit filename="../../../../../include/jaus/components/transport/judpserver.h" />
		<Unit filename="../../../../../include/jaus/components/transport/net.h" />
		<Unit filename="../../../../../include/jaus/components/transport/transport.h" />
		<Unit filename="../../../../../src/jaus/components/commandcomponent.cpp" />
		<Unit filename="../../../../../src/jaus/components/component.cpp" />
		<Unit filename="../../../../../src/jaus/components/connectionhandler.cpp" />
		<Unit filename="../../../../../src/jaus/components/eventmanager.cpp" />
		<Unit filename="../../../../../src/jaus/components/informcomponent.cpp" />
		<Unit filename="../../../../../src/jaus/components/messagecallback.cpp" />
		<Unit filename="../../../../../src/jaus/components/messagehandler.cpp" />
		<Unit filename="../../../../../src/jaus/components/node/communicator.cpp" />
		<Unit filename="../../../../../src/jaus/components/node/nodeconnection.cpp" />
		<Unit filename="../../../../../src/jaus/components/node/nodeconnectionhandler.cpp" />
		<Unit filename="../../../../../src/jaus/components/node/nodelogger.cpp" />
		<Unit filename="../../../../../src/jaus/components/node/nodemanager.cpp" />
		<Unit filename="../../../../../src/jaus/components/node/serviceconnectionmanager.cpp" />
		<Unit filename="../../../../../src/jaus/components/receipt.cpp" />
		<Unit filename="../../../../../src/jaus/components/serviceconnection.cpp" />
		<Unit filename="../../../../../src/jaus/components/streamcallback.cpp" />
		<Unit filename="../../../../../src/jaus/components/subscribercomponent.cpp" />
		<Unit filename="../../../../../src/jaus/components/transport/jserial.cpp" />
		<Unit filename="../../../../../src/jaus/components/transport/jsharedmemory.cpp">
			<Option virtualFolder="src/jaus/components/" />
		</Unit>
		<Unit filename="../../../../../src/jaus/components/transport/jtcpclient.cpp" />
		<Unit filename="../../../../../src/jaus/components/transport/jtcpserver.cpp" />
		<Unit filename="../../../../../src/jaus/components/transport/judpclient.cpp" />
		<Unit filename="../../../../../src/jaus/components/transport/judpserver.cpp" />
		<Extensions>
			<code_completion />
			<envvars />
			<lib_finder disable_auto="1" />
			<debugger />
		</Extensions>
	</Project>
</CodeBlocks_project_file>
